// !$*UTF8*$!
{
	archiveVersion = 1;
	classes = {
	};
	objectVersion = 48;
	objects = {

/* Begin PBXBuildFile section */
		BE0D4704208F758C0049D19E /* AppDelegate.swift in Sources */ = {isa = PBXBuildFile; fileRef = BE0D4703208F758C0049D19E /* AppDelegate.swift */; };
		BE0D4706208F758C0049D19E /* ViewController.swift in Sources */ = {isa = PBXBuildFile; fileRef = BE0D4705208F758C0049D19E /* ViewController.swift */; };
		BE0D4709208F758C0049D19E /* Main.storyboard in Resources */ = {isa = PBXBuildFile; fileRef = BE0D4707208F758C0049D19E /* Main.storyboard */; };
		BE0D470B208F758C0049D19E /* Assets.xcassets in Resources */ = {isa = PBXBuildFile; fileRef = BE0D470A208F758C0049D19E /* Assets.xcassets */; };
		BE0D470E208F758C0049D19E /* LaunchScreen.storyboard in Resources */ = {isa = PBXBuildFile; fileRef = BE0D470C208F758C0049D19E /* LaunchScreen.storyboard */; };
		BE0D4719208F758C0049D19E /* ContactsTests.swift in Sources */ = {isa = PBXBuildFile; fileRef = BE0D4718208F758C0049D19E /* ContactsTests.swift */; };
		BE0D4724208F758C0049D19E /* ContactsUITests.swift in Sources */ = {isa = PBXBuildFile; fileRef = BE0D4723208F758C0049D19E /* ContactsUITests.swift */; };
		BE0D4732208F76360049D19E /* Contact.swift in Sources */ = {isa = PBXBuildFile; fileRef = BE0D4731208F76360049D19E /* Contact.swift */; };
		BE0D4738208F79050049D19E /* ContactTableViewCell.swift in Sources */ = {isa = PBXBuildFile; fileRef = BE0D4737208F79050049D19E /* ContactTableViewCell.swift */; };
/* End PBXBuildFile section */

/* Begin PBXContainerItemProxy section */
		BE0D4715208F758C0049D19E /* PBXContainerItemProxy */ = {
			isa = PBXContainerItemProxy;
			containerPortal = BE0D46F8208F758C0049D19E /* Project object */;
			proxyType = 1;
			remoteGlobalIDString = BE0D46FF208F758C0049D19E;
			remoteInfo = Contacts;
		};
		BE0D4720208F758C0049D19E /* PBXContainerItemProxy */ = {
			isa = PBXContainerItemProxy;
			containerPortal = BE0D46F8208F758C0049D19E /* Project object */;
			proxyType = 1;
			remoteGlobalIDString = BE0D46FF208F758C0049D19E;
			remoteInfo = Contacts;
		};
/* End PBXContainerItemProxy section */

/* Begin PBXFileReference section */
		BE0D4700208F758C0049D19E /* Contacts.app */ = {isa = PBXFileReference; explicitFileType = wrapper.application; includeInIndex = 0; path = Contacts.app; sourceTree = BUILT_PRODUCTS_DIR; };
		BE0D4703208F758C0049D19E /* AppDelegate.swift */ = {isa = PBXFileReference; lastKnownFileType = sourcecode.swift; path = AppDelegate.swift; sourceTree = "<group>"; };
		BE0D4705208F758C0049D19E /* ViewController.swift */ = {isa = PBXFileReference; lastKnownFileType = sourcecode.swift; path = ViewController.swift; sourceTree = "<group>"; };
		BE0D4708208F758C0049D19E /* Base */ = {isa = PBXFileReference; lastKnownFileType = file.storyboard; name = Base; path = Base.lproj/Main.storyboard; sourceTree = "<group>"; };
		BE0D470A208F758C0049D19E /* Assets.xcassets */ = {isa = PBXFileReference; lastKnownFileType = folder.assetcatalog; path = Assets.xcassets; sourceTree = "<group>"; };
		BE0D470D208F758C0049D19E /* Base */ = {isa = PBXFileReference; lastKnownFileType = file.storyboard; name = Base; path = Base.lproj/LaunchScreen.storyboard; sourceTree = "<group>"; };
		BE0D470F208F758C0049D19E /* Info.plist */ = {isa = PBXFileReference; lastKnownFileType = text.plist.xml; path = Info.plist; sourceTree = "<group>"; };
		BE0D4714208F758C0049D19E /* ContactsTests.xctest */ = {isa = PBXFileReference; explicitFileType = wrapper.cfbundle; includeInIndex = 0; path = ContactsTests.xctest; sourceTree = BUILT_PRODUCTS_DIR; };
		BE0D4718208F758C0049D19E /* ContactsTests.swift */ = {isa = PBXFileReference; lastKnownFileType = sourcecode.swift; path = ContactsTests.swift; sourceTree = "<group>"; };
		BE0D471A208F758C0049D19E /* Info.plist */ = {isa = PBXFileReference; lastKnownFileType = text.plist.xml; path = Info.plist; sourceTree = "<group>"; };
		BE0D471F208F758C0049D19E /* ContactsUITests.xctest */ = {isa = PBXFileReference; explicitFileType = wrapper.cfbundle; includeInIndex = 0; path = ContactsUITests.xctest; sourceTree = BUILT_PRODUCTS_DIR; };
		BE0D4723208F758C0049D19E /* ContactsUITests.swift */ = {isa = PBXFileReference; lastKnownFileType = sourcecode.swift; path = ContactsUITests.swift; sourceTree = "<group>"; };
		BE0D4725208F758C0049D19E /* Info.plist */ = {isa = PBXFileReference; lastKnownFileType = text.plist.xml; path = Info.plist; sourceTree = "<group>"; };
		BE0D4731208F76360049D19E /* Contact.swift */ = {isa = PBXFileReference; lastKnownFileType = sourcecode.swift; path = Contact.swift; sourceTree = "<group>"; };
		BE0D4737208F79050049D19E /* ContactTableViewCell.swift */ = {isa = PBXFileReference; lastKnownFileType = sourcecode.swift; path = ContactTableViewCell.swift; sourceTree = "<group>"; };
/* End PBXFileReference section */

/* Begin PBXFrameworksBuildPhase section */
		BE0D46FD208F758C0049D19E /* Frameworks */ = {
			isa = PBXFrameworksBuildPhase;
			buildActionMask = 2147483647;
			files = (
			);
			runOnlyForDeploymentPostprocessing = 0;
		};
		BE0D4711208F758C0049D19E /* Frameworks */ = {
			isa = PBXFrameworksBuildPhase;
			buildActionMask = 2147483647;
			files = (
			);
			runOnlyForDeploymentPostprocessing = 0;
		};
		BE0D471C208F758C0049D19E /* Frameworks */ = {
			isa = PBXFrameworksBuildPhase;
			buildActionMask = 2147483647;
			files = (
			);
			runOnlyForDeploymentPostprocessing = 0;
		};
/* End PBXFrameworksBuildPhase section */

/* Begin PBXGroup section */
		BE0D46F7208F758C0049D19E = {
			isa = PBXGroup;
			children = (
				BE0D4702208F758C0049D19E /* Contacts */,
				BE0D4717208F758C0049D19E /* ContactsTests */,
				BE0D4722208F758C0049D19E /* ContactsUITests */,
				BE0D4701208F758C0049D19E /* Products */,
			);
			sourceTree = "<group>";
		};
		BE0D4701208F758C0049D19E /* Products */ = {
			isa = PBXGroup;
			children = (
				BE0D4700208F758C0049D19E /* Contacts.app */,
				BE0D4714208F758C0049D19E /* ContactsTests.xctest */,
				BE0D471F208F758C0049D19E /* ContactsUITests.xctest */,
			);
			name = Products;
			sourceTree = "<group>";
		};
		BE0D4702208F758C0049D19E /* Contacts */ = {
			isa = PBXGroup;
			children = (
				BE0D4703208F758C0049D19E /* AppDelegate.swift */,
				BE0D4705208F758C0049D19E /* ViewController.swift */,
				BE0D4707208F758C0049D19E /* Main.storyboard */,
				BE0D470A208F758C0049D19E /* Assets.xcassets */,
				BE0D470C208F758C0049D19E /* LaunchScreen.storyboard */,
				BE0D470F208F758C0049D19E /* Info.plist */,
				BE0D4731208F76360049D19E /* Contact.swift */,
				BE0D4737208F79050049D19E /* ContactTableViewCell.swift */,
			);
			path = Contacts;
			sourceTree = "<group>";
		};
		BE0D4717208F758C0049D19E /* ContactsTests */ = {
			isa = PBXGroup;
			children = (
				BE0D4718208F758C0049D19E /* ContactsTests.swift */,
				BE0D471A208F758C0049D19E /* Info.plist */,
			);
			path = ContactsTests;
			sourceTree = "<group>";
		};
		BE0D4722208F758C0049D19E /* ContactsUITests */ = {
			isa = PBXGroup;
			children = (
				BE0D4723208F758C0049D19E /* ContactsUITests.swift */,
				BE0D4725208F758C0049D19E /* Info.plist */,
			);
			path = ContactsUITests;
			sourceTree = "<group>";
		};
/* End PBXGroup section */

/* Begin PBXNativeTarget section */
		BE0D46FF208F758C0049D19E /* Contacts */ = {
			isa = PBXNativeTarget;
			buildConfigurationList = BE0D4728208F758C0049D19E /* Build configuration list for PBXNativeTarget "Contacts" */;
			buildPhases = (
				BE0D46FC208F758C0049D19E /* Sources */,
				BE0D46FD208F758C0049D19E /* Frameworks */,
				BE0D46FE208F758C0049D19E /* Resources */,
			);
			buildRules = (
			);
			dependencies = (
			);
			name = Contacts;
			productName = Contacts;
			productReference = BE0D4700208F758C0049D19E /* Contacts.app */;
			productType = "com.apple.product-type.application";
		};
		BE0D4713208F758C0049D19E /* ContactsTests */ = {
			isa = PBXNativeTarget;
			buildConfigurationList = BE0D472B208F758C0049D19E /* Build configuration list for PBXNativeTarget "ContactsTests" */;
			buildPhases = (
				BE0D4710208F758C0049D19E /* Sources */,
				BE0D4711208F758C0049D19E /* Frameworks */,
				BE0D4712208F758C0049D19E /* Resources */,
			);
			buildRules = (
			);
			dependencies = (
				BE0D4716208F758C0049D19E /* PBXTargetDependency */,
			);
			name = ContactsTests;
			productName = ContactsTests;
			productReference = BE0D4714208F758C0049D19E /* ContactsTests.xctest */;
			productType = "com.apple.product-type.bundle.unit-test";
		};
		BE0D471E208F758C0049D19E /* ContactsUITests */ = {
			isa = PBXNativeTarget;
			buildConfigurationList = BE0D472E208F758C0049D19E /* Build configuration list for PBXNativeTarget "ContactsUITests" */;
			buildPhases = (
				BE0D471B208F758C0049D19E /* Sources */,
				BE0D471C208F758C0049D19E /* Frameworks */,
				BE0D471D208F758C0049D19E /* Resources */,
			);
			buildRules = (
			);
			dependencies = (
				BE0D4721208F758C0049D19E /* PBXTargetDependency */,
			);
			name = ContactsUITests;
			productName = ContactsUITests;
			productReference = BE0D471F208F758C0049D19E /* ContactsUITests.xctest */;
			productType = "com.apple.product-type.bundle.ui-testing";
		};
/* End PBXNativeTarget section */

/* Begin PBXProject section */
		BE0D46F8208F758C0049D19E /* Project object */ = {
			isa = PBXProject;
			attributes = {
				LastSwiftUpdateCheck = 0920;
				LastUpgradeCheck = 0920;
				ORGANIZATIONNAME = "Academy 2018";
				TargetAttributes = {
					BE0D46FF208F758C0049D19E = {
						CreatedOnToolsVersion = 9.2;
						ProvisioningStyle = Automatic;
					};
					BE0D4713208F758C0049D19E = {
						CreatedOnToolsVersion = 9.2;
						ProvisioningStyle = Automatic;
						TestTargetID = BE0D46FF208F758C0049D19E;
					};
					BE0D471E208F758C0049D19E = {
						CreatedOnToolsVersion = 9.2;
						ProvisioningStyle = Automatic;
						TestTargetID = BE0D46FF208F758C0049D19E;
					};
				};
			};
			buildConfigurationList = BE0D46FB208F758C0049D19E /* Build configuration list for PBXProject "Contacts" */;
			compatibilityVersion = "Xcode 8.0";
			developmentRegion = en;
			hasScannedForEncodings = 0;
			knownRegions = (
				en,
				Base,
			);
			mainGroup = BE0D46F7208F758C0049D19E;
			productRefGroup = BE0D4701208F758C0049D19E /* Products */;
			projectDirPath = "";
			projectRoot = "";
			targets = (
				BE0D46FF208F758C0049D19E /* Contacts */,
				BE0D4713208F758C0049D19E /* ContactsTests */,
				BE0D471E208F758C0049D19E /* ContactsUITests */,
			);
		};
/* End PBXProject section */

/* Begin PBXResourcesBuildPhase section */
		BE0D46FE208F758C0049D19E /* Resources */ = {
			isa = PBXResourcesBuildPhase;
			buildActionMask = 2147483647;
			files = (
				BE0D470E208F758C0049D19E /* LaunchScreen.storyboard in Resources */,
				BE0D470B208F758C0049D19E /* Assets.xcassets in Resources */,
				BE0D4709208F758C0049D19E /* Main.storyboard in Resources */,
			);
			runOnlyForDeploymentPostprocessing = 0;
		};
		BE0D4712208F758C0049D19E /* Resources */ = {
			isa = PBXResourcesBuildPhase;
			buildActionMask = 2147483647;
			files = (
			);
			runOnlyForDeploymentPostprocessing = 0;
		};
		BE0D471D208F758C0049D19E /* Resources */ = {
			isa = PBXResourcesBuildPhase;
			buildActionMask = 2147483647;
			files = (
			);
			runOnlyForDeploymentPostprocessing = 0;
		};
/* End PBXResourcesBuildPhase section */

/* Begin PBXSourcesBuildPhase section */
		BE0D46FC208F758C0049D19E /* Sources */ = {
			isa = PBXSourcesBuildPhase;
			buildActionMask = 2147483647;
			files = (
				BE0D4738208F79050049D19E /* ContactTableViewCell.swift in Sources */,
				BE0D4732208F76360049D19E /* Contact.swift in Sources */,
				BE0D4706208F758C0049D19E /* ViewController.swift in Sources */,
				BE0D4704208F758C0049D19E /* AppDelegate.swift in Sources */,
			);
			runOnlyForDeploymentPostprocessing = 0;
		};
		BE0D4710208F758C0049D19E /* Sources */ = {
			isa = PBXSourcesBuildPhase;
			buildActionMask = 2147483647;
			files = (
				BE0D4719208F758C0049D19E /* ContactsTests.swift in Sources */,
			);
			runOnlyForDeploymentPostprocessing = 0;
		};
		BE0D471B208F758C0049D19E /* Sources */ = {
			isa = PBXSourcesBuildPhase;
			buildActionMask = 2147483647;
			files = (
				BE0D4724208F758C0049D19E /* ContactsUITests.swift in Sources */,
			);
			runOnlyForDeploymentPostprocessing = 0;
		};
/* End PBXSourcesBuildPhase section */

/* Begin PBXTargetDependency section */
		BE0D4716208F758C0049D19E /* PBXTargetDependency */ = {
			isa = PBXTargetDependency;
			target = BE0D46FF208F758C0049D19E /* Contacts */;
			targetProxy = BE0D4715208F758C0049D19E /* PBXContainerItemProxy */;
		};
		BE0D4721208F758C0049D19E /* PBXTargetDependency */ = {
			isa = PBXTargetDependency;
			target = BE0D46FF208F758C0049D19E /* Contacts */;
			targetProxy = BE0D4720208F758C0049D19E /* PBXContainerItemProxy */;
		};
/* End PBXTargetDependency section */

/* Begin PBXVariantGroup section */
		BE0D4707208F758C0049D19E /* Main.storyboard */ = {
			isa = PBXVariantGroup;
			children = (
				BE0D4708208F758C0049D19E /* Base */,
			);
			name = Main.storyboard;
			sourceTree = "<group>";
		};
		BE0D470C208F758C0049D19E /* LaunchScreen.storyboard */ = {
			isa = PBXVariantGroup;
			children = (
				BE0D470D208F758C0049D19E /* Base */,
			);
			name = LaunchScreen.storyboard;
			sourceTree = "<group>";
		};
/* End PBXVariantGroup section */

/* Begin XCBuildConfiguration section */
		BE0D4726208F758C0049D19E /* Debug */ = {
			isa = XCBuildConfiguration;
			buildSettings = {
				ALWAYS_SEARCH_USER_PATHS = NO;
				CLANG_ANALYZER_NONNULL = YES;
				CLANG_ANALYZER_NUMBER_OBJECT_CONVERSION = YES_AGGRESSIVE;
				CLANG_CXX_LANGUAGE_STANDARD = "gnu++14";
				CLANG_CXX_LIBRARY = "libc++";
				CLANG_ENABLE_MODULES = YES;
				CLANG_ENABLE_OBJC_ARC = YES;
				CLANG_WARN_BLOCK_CAPTURE_AUTORELEASING = YES;
				CLANG_WARN_BOOL_CONVERSION = YES;
				CLANG_WARN_COMMA = YES;
				CLANG_WARN_CONSTANT_CONVERSION = YES;
				CLANG_WARN_DIRECT_OBJC_ISA_USAGE = YES_ERROR;
				CLANG_WARN_DOCUMENTATION_COMMENTS = YES;
				CLANG_WARN_EMPTY_BODY = YES;
				CLANG_WARN_ENUM_CONVERSION = YES;
				CLANG_WARN_INFINITE_RECURSION = YES;
				CLANG_WARN_INT_CONVERSION = YES;
				CLANG_WARN_NON_LITERAL_NULL_CONVERSION = YES;
				CLANG_WARN_OBJC_LITERAL_CONVERSION = YES;
				CLANG_WARN_OBJC_ROOT_CLASS = YES_ERROR;
				CLANG_WARN_RANGE_LOOP_ANALYSIS = YES;
				CLANG_WARN_STRICT_PROTOTYPES = YES;
				CLANG_WARN_SUSPICIOUS_MOVE = YES;
				CLANG_WARN_UNGUARDED_AVAILABILITY = YES_AGGRESSIVE;
				CLANG_WARN_UNREACHABLE_CODE = YES;
				CLANG_WARN__DUPLICATE_METHOD_MATCH = YES;
				CODE_SIGN_IDENTITY = "iPhone Developer";
				COPY_PHASE_STRIP = NO;
				DEBUG_INFORMATION_FORMAT = dwarf;
				ENABLE_STRICT_OBJC_MSGSEND = YES;
				ENABLE_TESTABILITY = YES;
				GCC_C_LANGUAGE_STANDARD = gnu11;
				GCC_DYNAMIC_NO_PIC = NO;
				GCC_NO_COMMON_BLOCKS = YES;
				GCC_OPTIMIZATION_LEVEL = 0;
				GCC_PREPROCESSOR_DEFINITIONS = (
					"DEBUG=1",
					"$(inherited)",
				);
				GCC_WARN_64_TO_32_BIT_CONVERSION = YES;
				GCC_WARN_ABOUT_RETURN_TYPE = YES_ERROR;
				GCC_WARN_UNDECLARED_SELECTOR = YES;
				GCC_WARN_UNINITIALIZED_AUTOS = YES_AGGRESSIVE;
				GCC_WARN_UNUSED_FUNCTION = YES;
				GCC_WARN_UNUSED_VARIABLE = YES;
				IPHONEOS_DEPLOYMENT_TARGET = 11.2;
				MTL_ENABLE_DEBUG_INFO = YES;
				ONLY_ACTIVE_ARCH = YES;
				SDKROOT = iphoneos;
				SWIFT_ACTIVE_COMPILATION_CONDITIONS = DEBUG;
				SWIFT_OPTIMIZATION_LEVEL = "-Onone";
			};
			name = Debug;
		};
		BE0D4727208F758C0049D19E /* Release */ = {
			isa = XCBuildConfiguration;
			buildSettings = {
				ALWAYS_SEARCH_USER_PATHS = NO;
				CLANG_ANALYZER_NONNULL = YES;
				CLANG_ANALYZER_NUMBER_OBJECT_CONVERSION = YES_AGGRESSIVE;
				CLANG_CXX_LANGUAGE_STANDARD = "gnu++14";
				CLANG_CXX_LIBRARY = "libc++";
				CLANG_ENABLE_MODULES = YES;
				CLANG_ENABLE_OBJC_ARC = YES;
				CLANG_WARN_BLOCK_CAPTURE_AUTORELEASING = YES;
				CLANG_WARN_BOOL_CONVERSION = YES;
				CLANG_WARN_COMMA = YES;
				CLANG_WARN_CONSTANT_CONVERSION = YES;
				CLANG_WARN_DIRECT_OBJC_ISA_USAGE = YES_ERROR;
				CLANG_WARN_DOCUMENTATION_COMMENTS = YES;
				CLANG_WARN_EMPTY_BODY = YES;
				CLANG_WARN_ENUM_CONVERSION = YES;
				CLANG_WARN_INFINITE_RECURSION = YES;
				CLANG_WARN_INT_CONVERSION = YES;
				CLANG_WARN_NON_LITERAL_NULL_CONVERSION = YES;
				CLANG_WARN_OBJC_LITERAL_CONVERSION = YES;
				CLANG_WARN_OBJC_ROOT_CLASS = YES_ERROR;
				CLANG_WARN_RANGE_LOOP_ANALYSIS = YES;
				CLANG_WARN_STRICT_PROTOTYPES = YES;
				CLANG_WARN_SUSPICIOUS_MOVE = YES;
				CLANG_WARN_UNGUARDED_AVAILABILITY = YES_AGGRESSIVE;
				CLANG_WARN_UNREACHABLE_CODE = YES;
				CLANG_WARN__DUPLICATE_METHOD_MATCH = YES;
				CODE_SIGN_IDENTITY = "iPhone Developer";
				COPY_PHASE_STRIP = NO;
				DEBUG_INFORMATION_FORMAT = "dwarf-with-dsym";
				ENABLE_NS_ASSERTIONS = NO;
				ENABLE_STRICT_OBJC_MSGSEND = YES;
				GCC_C_LANGUAGE_STANDARD = gnu11;
				GCC_NO_COMMON_BLOCKS = YES;
				GCC_WARN_64_TO_32_BIT_CONVERSION = YES;
				GCC_WARN_ABOUT_RETURN_TYPE = YES_ERROR;
				GCC_WARN_UNDECLARED_SELECTOR = YES;
				GCC_WARN_UNINITIALIZED_AUTOS = YES_AGGRESSIVE;
				GCC_WARN_UNUSED_FUNCTION = YES;
				GCC_WARN_UNUSED_VARIABLE = YES;
				IPHONEOS_DEPLOYMENT_TARGET = 11.2;
				MTL_ENABLE_DEBUG_INFO = NO;
				SDKROOT = iphoneos;
				SWIFT_OPTIMIZATION_LEVEL = "-Owholemodule";
				VALIDATE_PRODUCT = YES;
			};
			name = Release;
		};
		BE0D4729208F758C0049D19E /* Debug */ = {
			isa = XCBuildConfiguration;
			buildSettings = {
				ASSETCATALOG_COMPILER_APPICON_NAME = AppIcon;
				CODE_SIGN_STYLE = Automatic;
				DEVELOPMENT_TEAM = U9XP2P92X2;
				INFOPLIST_FILE = Contacts/Info.plist;
				LD_RUNPATH_SEARCH_PATHS = "$(inherited) @executable_path/Frameworks";
				PRODUCT_BUNDLE_IDENTIFIER = br.com.academy.Contacts;
				PRODUCT_NAME = "$(TARGET_NAME)";
				SWIFT_VERSION = 4.0;
				TARGETED_DEVICE_FAMILY = "1,2";
			};
			name = Debug;
		};
		BE0D472A208F758C0049D19E /* Release */ = {
			isa = XCBuildConfiguration;
			buildSettings = {
				ASSETCATALOG_COMPILER_APPICON_NAME = AppIcon;
				CODE_SIGN_STYLE = Automatic;
				DEVELOPMENT_TEAM = U9XP2P92X2;
				INFOPLIST_FILE = Contacts/Info.plist;
				LD_RUNPATH_SEARCH_PATHS = "$(inherited) @executable_path/Frameworks";
				PRODUCT_BUNDLE_IDENTIFIER = br.com.academy.Contacts;
				PRODUCT_NAME = "$(TARGET_NAME)";
				SWIFT_VERSION = 4.0;
				TARGETED_DEVICE_FAMILY = "1,2";
			};
			name = Release;
		};
		BE0D472C208F758C0049D19E /* Debug */ = {
			isa = XCBuildConfiguration;
			buildSettings = {
				ALWAYS_EMBED_SWIFT_STANDARD_LIBRARIES = YES;
				BUNDLE_LOADER = "$(TEST_HOST)";
				CODE_SIGN_STYLE = Automatic;
				DEVELOPMENT_TEAM = U9XP2P92X2;
				INFOPLIST_FILE = ContactsTests/Info.plist;
				LD_RUNPATH_SEARCH_PATHS = "$(inherited) @executable_path/Frameworks @loader_path/Frameworks";
				PRODUCT_BUNDLE_IDENTIFIER = br.com.academy.ContactsTests;
				PRODUCT_NAME = "$(TARGET_NAME)";
				SWIFT_VERSION = 4.0;
				TARGETED_DEVICE_FAMILY = "1,2";
				TEST_HOST = "$(BUILT_PRODUCTS_DIR)/Contacts.app/Contacts";
			};
			name = Debug;
		};
		BE0D472D208F758C0049D19E /* Release */ = {
			isa = XCBuildConfiguration;
			buildSettings = {
				ALWAYS_EMBED_SWIFT_STANDARD_LIBRARIES = YES;
				BUNDLE_LOADER = "$(TEST_HOST)";
				CODE_SIGN_STYLE = Automatic;
				DEVELOPMENT_TEAM = U9XP2P92X2;
				INFOPLIST_FILE = ContactsTests/Info.plist;
				LD_RUNPATH_SEARCH_PATHS = "$(inherited) @executable_path/Frameworks @loader_path/Frameworks";
				PRODUCT_BUNDLE_IDENTIFIER = br.com.academy.ContactsTests;
				PRODUCT_NAME = "$(TARGET_NAME)";
				SWIFT_VERSION = 4.0;
				TARGETED_DEVICE_FAMILY = "1,2";
				TEST_HOST = "$(BUILT_PRODUCTS_DIR)/Contacts.app/Contacts";
			};
			name = Release;
		};
		BE0D472F208F758C0049D19E /* Debug */ = {
			isa = XCBuildConfiguration;
			buildSettings = {
				ALWAYS_EMBED_SWIFT_STANDARD_LIBRARIES = YES;
				CODE_SIGN_STYLE = Automatic;
				DEVELOPMENT_TEAM = U9XP2P92X2;
				INFOPLIST_FILE = ContactsUITests/Info.plist;
				LD_RUNPATH_SEARCH_PATHS = "$(inherited) @executable_path/Frameworks @loader_path/Frameworks";
				PRODUCT_BUNDLE_IDENTIFIER = br.com.academy.ContactsUITests;
				PRODUCT_NAME = "$(TARGET_NAME)";
				SWIFT_VERSION = 4.0;
				TARGETED_DEVICE_FAMILY = "1,2";
				TEST_TARGET_NAME = Contacts;
			};
			name = Debug;
		};
		BE0D4730208F758C0049D19E /* Release */ = {
			isa = XCBuildConfiguration;
			buildSettings = {
				ALWAYS_EMBED_SWIFT_STANDARD_LIBRARIES = YES;
				CODE_SIGN_STYLE = Automatic;
				DEVELOPMENT_TEAM = U9XP2P92X2;
				INFOPLIST_FILE = ContactsUITests/Info.plist;
				LD_RUNPATH_SEARCH_PATHS = "$(inherited) @executable_path/Frameworks @loader_path/Frameworks";
				PRODUCT_BUNDLE_IDENTIFIER = br.com.academy.ContactsUITests;
				PRODUCT_NAME = "$(TARGET_NAME)";
				SWIFT_VERSION = 4.0;
				TARGETED_DEVICE_FAMILY = "1,2";
				TEST_TARGET_NAME = Contacts;
			};
			name = Release;
		};
/* End XCBuildConfiguration section */

/* Begin XCConfigurationList section */
		BE0D46FB208F758C0049D19E /* Build configuration list for PBXProject "Contacts" */ = {
			isa = XCConfigurationList;
			buildConfigurations = (
				BE0D4726208F758C0049D19E /* Debug */,
				BE0D4727208F758C0049D19E /* Release */,
			);
			defaultConfigurationIsVisible = 0;
			defaultConfigurationName = Release;
		};
		BE0D4728208F758C0049D19E /* Build configuration list for PBXNativeTarget "Contacts" */ = {
			isa = XCConfigurationList;
			buildConfigurations = (
				BE0D4729208F758C0049D19E /* Debug */,
				BE0D472A208F758C0049D19E /* Release */,
			);
			defaultConfigurationIsVisible = 0;
			defaultConfigurationName = Release;
		};
		BE0D472B208F758C0049D19E /* Build configuration list for PBXNativeTarget "ContactsTests" */ = {
			isa = XCConfigurationList;
			buildConfigurations = (
				BE0D472C208F758C0049D19E /* Debug */,
				BE0D472D208F758C0049D19E /* Release */,
			);
			defaultConfigurationIsVisible = 0;
			defaultConfigurationName = Release;
		};
		BE0D472E208F758C0049D19E /* Build configuration list for PBXNativeTarget "ContactsUITests" */ = {
			isa = XCConfigurationList;
			buildConfigurations = (
				BE0D472F208F758C0049D19E /* Debug */,
				BE0D4730208F758C0049D19E /* Release */,
			);
			defaultConfigurationIsVisible = 0;
			defaultConfigurationName = Release;
		};
/* End XCConfigurationList section */
	};
	rootObject = BE0D46F8208F758C0049D19E /* Project object */;
}
