// !$*UTF8*$!
{
	archiveVersion = 1;
	classes = {
	};
	objectVersion = 48;
	objects = {

/* Begin PBXBuildFile section */
		BE1964D920A1DB1600AE8669 /* Converter.swift in Sources */ = {isa = PBXBuildFile; fileRef = BE1964D820A1DB1600AE8669 /* Converter.swift */; };
		BE1964DB20A1EC4200AE8669 /* ViewController+DelegateFlowLayout.swift in Sources */ = {isa = PBXBuildFile; fileRef = BE1964DA20A1EC4200AE8669 /* ViewController+DelegateFlowLayout.swift */; };
		BE1964DD20A1EC9B00AE8669 /* ViewController+CollectionVIewDataSource.swift in Sources */ = {isa = PBXBuildFile; fileRef = BE1964DC20A1EC9B00AE8669 /* ViewController+CollectionVIewDataSource.swift */; };
		BE1964DF20A1ECCF00AE8669 /* ViewController+ImagePicker.swift in Sources */ = {isa = PBXBuildFile; fileRef = BE1964DE20A1ECCF00AE8669 /* ViewController+ImagePicker.swift */; };
		BE27894F20A1C026004E0E39 /* AppDelegate.swift in Sources */ = {isa = PBXBuildFile; fileRef = BE27894E20A1C026004E0E39 /* AppDelegate.swift */; };
		BE27895120A1C026004E0E39 /* ViewController.swift in Sources */ = {isa = PBXBuildFile; fileRef = BE27895020A1C026004E0E39 /* ViewController.swift */; };
		BE27895420A1C026004E0E39 /* Main.storyboard in Resources */ = {isa = PBXBuildFile; fileRef = BE27895220A1C026004E0E39 /* Main.storyboard */; };
		BE27895620A1C026004E0E39 /* Assets.xcassets in Resources */ = {isa = PBXBuildFile; fileRef = BE27895520A1C026004E0E39 /* Assets.xcassets */; };
		BE27895920A1C026004E0E39 /* LaunchScreen.storyboard in Resources */ = {isa = PBXBuildFile; fileRef = BE27895720A1C026004E0E39 /* LaunchScreen.storyboard */; };
		BE27896320A1C250004E0E39 /* Photo.swift in Sources */ = {isa = PBXBuildFile; fileRef = BE27896220A1C250004E0E39 /* Photo.swift */; };
/* End PBXBuildFile section */

/* Begin PBXFileReference section */
		BE1964D820A1DB1600AE8669 /* Converter.swift */ = {isa = PBXFileReference; lastKnownFileType = sourcecode.swift; path = Converter.swift; sourceTree = "<group>"; };
		BE1964DA20A1EC4200AE8669 /* ViewController+DelegateFlowLayout.swift */ = {isa = PBXFileReference; lastKnownFileType = sourcecode.swift; path = "ViewController+DelegateFlowLayout.swift"; sourceTree = "<group>"; };
		BE1964DC20A1EC9B00AE8669 /* ViewController+CollectionVIewDataSource.swift */ = {isa = PBXFileReference; lastKnownFileType = sourcecode.swift; path = "ViewController+CollectionVIewDataSource.swift"; sourceTree = "<group>"; };
		BE1964DE20A1ECCF00AE8669 /* ViewController+ImagePicker.swift */ = {isa = PBXFileReference; lastKnownFileType = sourcecode.swift; path = "ViewController+ImagePicker.swift"; sourceTree = "<group>"; };
		BE27894B20A1C026004E0E39 /* Challenge.app */ = {isa = PBXFileReference; explicitFileType = wrapper.application; includeInIndex = 0; path = Challenge.app; sourceTree = BUILT_PRODUCTS_DIR; };
		BE27894E20A1C026004E0E39 /* AppDelegate.swift */ = {isa = PBXFileReference; lastKnownFileType = sourcecode.swift; path = AppDelegate.swift; sourceTree = "<group>"; };
		BE27895020A1C026004E0E39 /* ViewController.swift */ = {isa = PBXFileReference; lastKnownFileType = sourcecode.swift; path = ViewController.swift; sourceTree = "<group>"; };
		BE27895320A1C026004E0E39 /* Base */ = {isa = PBXFileReference; lastKnownFileType = file.storyboard; name = Base; path = Base.lproj/Main.storyboard; sourceTree = "<group>"; };
		BE27895520A1C026004E0E39 /* Assets.xcassets */ = {isa = PBXFileReference; lastKnownFileType = folder.assetcatalog; path = Assets.xcassets; sourceTree = "<group>"; };
		BE27895820A1C026004E0E39 /* Base */ = {isa = PBXFileReference; lastKnownFileType = file.storyboard; name = Base; path = Base.lproj/LaunchScreen.storyboard; sourceTree = "<group>"; };
		BE27895A20A1C026004E0E39 /* Info.plist */ = {isa = PBXFileReference; lastKnownFileType = text.plist.xml; path = Info.plist; sourceTree = "<group>"; };
		BE27896220A1C250004E0E39 /* Photo.swift */ = {isa = PBXFileReference; lastKnownFileType = sourcecode.swift; path = Photo.swift; sourceTree = "<group>"; };
/* End PBXFileReference section */

/* Begin PBXFrameworksBuildPhase section */
		BE27894820A1C026004E0E39 /* Frameworks */ = {
			isa = PBXFrameworksBuildPhase;
			buildActionMask = 2147483647;
			files = (
			);
			runOnlyForDeploymentPostprocessing = 0;
		};
/* End PBXFrameworksBuildPhase section */

/* Begin PBXGroup section */
		BE1964D720A1DAFE00AE8669 /* Utiles */ = {
			isa = PBXGroup;
			children = (
				BE1964D820A1DB1600AE8669 /* Converter.swift */,
			);
			path = Utiles;
			sourceTree = "<group>";
		};
		BE27894220A1C026004E0E39 = {
			isa = PBXGroup;
			children = (
				BE27894D20A1C026004E0E39 /* Challenge */,
				BE27894C20A1C026004E0E39 /* Products */,
			);
			sourceTree = "<group>";
		};
		BE27894C20A1C026004E0E39 /* Products */ = {
			isa = PBXGroup;
			children = (
				BE27894B20A1C026004E0E39 /* Challenge.app */,
			);
			name = Products;
			sourceTree = "<group>";
		};
		BE27894D20A1C026004E0E39 /* Challenge */ = {
			isa = PBXGroup;
			children = (
				BE1964D720A1DAFE00AE8669 /* Utiles */,
				BE27896120A1C22F004E0E39 /* Controllers */,
				BE27896020A1C212004E0E39 /* Models */,
				BE27894E20A1C026004E0E39 /* AppDelegate.swift */,
				BE27895220A1C026004E0E39 /* Main.storyboard */,
				BE27895520A1C026004E0E39 /* Assets.xcassets */,
				BE27895720A1C026004E0E39 /* LaunchScreen.storyboard */,
				BE27895A20A1C026004E0E39 /* Info.plist */,
			);
			path = Challenge;
			sourceTree = "<group>";
		};
		BE27896020A1C212004E0E39 /* Models */ = {
			isa = PBXGroup;
			children = (
				BE27896220A1C250004E0E39 /* Photo.swift */,
			);
			path = Models;
			sourceTree = "<group>";
		};
		BE27896120A1C22F004E0E39 /* Controllers */ = {
			isa = PBXGroup;
			children = (
				BE27895020A1C026004E0E39 /* ViewController.swift */,
				BE1964DA20A1EC4200AE8669 /* ViewController+DelegateFlowLayout.swift */,
				BE1964DC20A1EC9B00AE8669 /* ViewController+CollectionVIewDataSource.swift */,
				BE1964DE20A1ECCF00AE8669 /* ViewController+ImagePicker.swift */,
			);
			path = Controllers;
			sourceTree = "<group>";
		};
/* End PBXGroup section */

/* Begin PBXNativeTarget section */
		BE27894A20A1C026004E0E39 /* Challenge */ = {
			isa = PBXNativeTarget;
			buildConfigurationList = BE27895D20A1C026004E0E39 /* Build configuration list for PBXNativeTarget "Challenge" */;
			buildPhases = (
				BE27894720A1C026004E0E39 /* Sources */,
				BE27894820A1C026004E0E39 /* Frameworks */,
				BE27894920A1C026004E0E39 /* Resources */,
			);
			buildRules = (
			);
			dependencies = (
			);
			name = Challenge;
			productName = Challenge;
			productReference = BE27894B20A1C026004E0E39 /* Challenge.app */;
			productType = "com.apple.product-type.application";
		};
/* End PBXNativeTarget section */

/* Begin PBXProject section */
		BE27894320A1C026004E0E39 /* Project object */ = {
			isa = PBXProject;
			attributes = {
				LastSwiftUpdateCheck = 0920;
				LastUpgradeCheck = 0920;
				ORGANIZATIONNAME = "Academy 2018";
				TargetAttributes = {
					BE27894A20A1C026004E0E39 = {
						CreatedOnToolsVersion = 9.2;
						ProvisioningStyle = Automatic;
					};
				};
			};
			buildConfigurationList = BE27894620A1C026004E0E39 /* Build configuration list for PBXProject "Challenge" */;
			compatibilityVersion = "Xcode 8.0";
			developmentRegion = en;
			hasScannedForEncodings = 0;
			knownRegions = (
				en,
				Base,
			);
			mainGroup = BE27894220A1C026004E0E39;
			productRefGroup = BE27894C20A1C026004E0E39 /* Products */;
			projectDirPath = "";
			projectRoot = "";
			targets = (
				BE27894A20A1C026004E0E39 /* Challenge */,
			);
		};
/* End PBXProject section */

/* Begin PBXResourcesBuildPhase section */
		BE27894920A1C026004E0E39 /* Resources */ = {
			isa = PBXResourcesBuildPhase;
			buildActionMask = 2147483647;
			files = (
				BE27895920A1C026004E0E39 /* LaunchScreen.storyboard in Resources */,
				BE27895620A1C026004E0E39 /* Assets.xcassets in Resources */,
				BE27895420A1C026004E0E39 /* Main.storyboard in Resources */,
			);
			runOnlyForDeploymentPostprocessing = 0;
		};
/* End PBXResourcesBuildPhase section */

/* Begin PBXSourcesBuildPhase section */
		BE27894720A1C026004E0E39 /* Sources */ = {
			isa = PBXSourcesBuildPhase;
			buildActionMask = 2147483647;
			files = (
				BE27896320A1C250004E0E39 /* Photo.swift in Sources */,
				BE1964DB20A1EC4200AE8669 /* ViewController+DelegateFlowLayout.swift in Sources */,
				BE1964DF20A1ECCF00AE8669 /* ViewController+ImagePicker.swift in Sources */,
				BE27895120A1C026004E0E39 /* ViewController.swift in Sources */,
				BE1964D920A1DB1600AE8669 /* Converter.swift in Sources */,
				BE1964DD20A1EC9B00AE8669 /* ViewController+CollectionVIewDataSource.swift in Sources */,
				BE27894F20A1C026004E0E39 /* AppDelegate.swift in Sources */,
			);
			runOnlyForDeploymentPostprocessing = 0;
		};
/* End PBXSourcesBuildPhase section */

/* Begin PBXVariantGroup section */
		BE27895220A1C026004E0E39 /* Main.storyboard */ = {
			isa = PBXVariantGroup;
			children = (
				BE27895320A1C026004E0E39 /* Base */,
			);
			name = Main.storyboard;
			sourceTree = "<group>";
		};
		BE27895720A1C026004E0E39 /* LaunchScreen.storyboard */ = {
			isa = PBXVariantGroup;
			children = (
				BE27895820A1C026004E0E39 /* Base */,
			);
			name = LaunchScreen.storyboard;
			sourceTree = "<group>";
		};
/* End PBXVariantGroup section */

/* Begin XCBuildConfiguration section */
		BE27895B20A1C026004E0E39 /* Debug */ = {
			isa = XCBuildConfiguration;
			buildSettings = {
				ALWAYS_SEARCH_USER_PATHS = NO;
				CLANG_ANALYZER_NONNULL = YES;
				CLANG_ANALYZER_NUMBER_OBJECT_CONVERSION = YES_AGGRESSIVE;
				CLANG_CXX_LANGUAGE_STANDARD = "gnu++14";
				CLANG_CXX_LIBRARY = "libc++";
				CLANG_ENABLE_MODULES = YES;
				CLANG_ENABLE_OBJC_ARC = YES;
				CLANG_WARN_BLOCK_CAPTURE_AUTORELEASING = YES;
				CLANG_WARN_BOOL_CONVERSION = YES;
				CLANG_WARN_COMMA = YES;
				CLANG_WARN_CONSTANT_CONVERSION = YES;
				CLANG_WARN_DIRECT_OBJC_ISA_USAGE = YES_ERROR;
				CLANG_WARN_DOCUMENTATION_COMMENTS = YES;
				CLANG_WARN_EMPTY_BODY = YES;
				CLANG_WARN_ENUM_CONVERSION = YES;
				CLANG_WARN_INFINITE_RECURSION = YES;
				CLANG_WARN_INT_CONVERSION = YES;
				CLANG_WARN_NON_LITERAL_NULL_CONVERSION = YES;
				CLANG_WARN_OBJC_LITERAL_CONVERSION = YES;
				CLANG_WARN_OBJC_ROOT_CLASS = YES_ERROR;
				CLANG_WARN_RANGE_LOOP_ANALYSIS = YES;
				CLANG_WARN_STRICT_PROTOTYPES = YES;
				CLANG_WARN_SUSPICIOUS_MOVE = YES;
				CLANG_WARN_UNGUARDED_AVAILABILITY = YES_AGGRESSIVE;
				CLANG_WARN_UNREACHABLE_CODE = YES;
				CLANG_WARN__DUPLICATE_METHOD_MATCH = YES;
				CODE_SIGN_IDENTITY = "iPhone Developer";
				COPY_PHASE_STRIP = NO;
				DEBUG_INFORMATION_FORMAT = dwarf;
				ENABLE_STRICT_OBJC_MSGSEND = YES;
				ENABLE_TESTABILITY = YES;
				GCC_C_LANGUAGE_STANDARD = gnu11;
				GCC_DYNAMIC_NO_PIC = NO;
				GCC_NO_COMMON_BLOCKS = YES;
				GCC_OPTIMIZATION_LEVEL = 0;
				GCC_PREPROCESSOR_DEFINITIONS = (
					"DEBUG=1",
					"$(inherited)",
				);
				GCC_WARN_64_TO_32_BIT_CONVERSION = YES;
				GCC_WARN_ABOUT_RETURN_TYPE = YES_ERROR;
				GCC_WARN_UNDECLARED_SELECTOR = YES;
				GCC_WARN_UNINITIALIZED_AUTOS = YES_AGGRESSIVE;
				GCC_WARN_UNUSED_FUNCTION = YES;
				GCC_WARN_UNUSED_VARIABLE = YES;
				IPHONEOS_DEPLOYMENT_TARGET = 11.2;
				MTL_ENABLE_DEBUG_INFO = YES;
				ONLY_ACTIVE_ARCH = YES;
				SDKROOT = iphoneos;
				SWIFT_ACTIVE_COMPILATION_CONDITIONS = DEBUG;
				SWIFT_OPTIMIZATION_LEVEL = "-Onone";
			};
			name = Debug;
		};
		BE27895C20A1C026004E0E39 /* Release */ = {
			isa = XCBuildConfiguration;
			buildSettings = {
				ALWAYS_SEARCH_USER_PATHS = NO;
				CLANG_ANALYZER_NONNULL = YES;
				CLANG_ANALYZER_NUMBER_OBJECT_CONVERSION = YES_AGGRESSIVE;
				CLANG_CXX_LANGUAGE_STANDARD = "gnu++14";
				CLANG_CXX_LIBRARY = "libc++";
				CLANG_ENABLE_MODULES = YES;
				CLANG_ENABLE_OBJC_ARC = YES;
				CLANG_WARN_BLOCK_CAPTURE_AUTORELEASING = YES;
				CLANG_WARN_BOOL_CONVERSION = YES;
				CLANG_WARN_COMMA = YES;
				CLANG_WARN_CONSTANT_CONVERSION = YES;
				CLANG_WARN_DIRECT_OBJC_ISA_USAGE = YES_ERROR;
				CLANG_WARN_DOCUMENTATION_COMMENTS = YES;
				CLANG_WARN_EMPTY_BODY = YES;
				CLANG_WARN_ENUM_CONVERSION = YES;
				CLANG_WARN_INFINITE_RECURSION = YES;
				CLANG_WARN_INT_CONVERSION = YES;
				CLANG_WARN_NON_LITERAL_NULL_CONVERSION = YES;
				CLANG_WARN_OBJC_LITERAL_CONVERSION = YES;
				CLANG_WARN_OBJC_ROOT_CLASS = YES_ERROR;
				CLANG_WARN_RANGE_LOOP_ANALYSIS = YES;
				CLANG_WARN_STRICT_PROTOTYPES = YES;
				CLANG_WARN_SUSPICIOUS_MOVE = YES;
				CLANG_WARN_UNGUARDED_AVAILABILITY = YES_AGGRESSIVE;
				CLANG_WARN_UNREACHABLE_CODE = YES;
				CLANG_WARN__DUPLICATE_METHOD_MATCH = YES;
				CODE_SIGN_IDENTITY = "iPhone Developer";
				COPY_PHASE_STRIP = NO;
				DEBUG_INFORMATION_FORMAT = "dwarf-with-dsym";
				ENABLE_NS_ASSERTIONS = NO;
				ENABLE_STRICT_OBJC_MSGSEND = YES;
				GCC_C_LANGUAGE_STANDARD = gnu11;
				GCC_NO_COMMON_BLOCKS = YES;
				GCC_WARN_64_TO_32_BIT_CONVERSION = YES;
				GCC_WARN_ABOUT_RETURN_TYPE = YES_ERROR;
				GCC_WARN_UNDECLARED_SELECTOR = YES;
				GCC_WARN_UNINITIALIZED_AUTOS = YES_AGGRESSIVE;
				GCC_WARN_UNUSED_FUNCTION = YES;
				GCC_WARN_UNUSED_VARIABLE = YES;
				IPHONEOS_DEPLOYMENT_TARGET = 11.2;
				MTL_ENABLE_DEBUG_INFO = NO;
				SDKROOT = iphoneos;
				SWIFT_OPTIMIZATION_LEVEL = "-Owholemodule";
				VALIDATE_PRODUCT = YES;
			};
			name = Release;
		};
		BE27895E20A1C026004E0E39 /* Debug */ = {
			isa = XCBuildConfiguration;
			buildSettings = {
				ASSETCATALOG_COMPILER_APPICON_NAME = AppIcon;
				CODE_SIGN_STYLE = Automatic;
				DEVELOPMENT_TEAM = U9XP2P92X2;
				INFOPLIST_FILE = Challenge/Info.plist;
				LD_RUNPATH_SEARCH_PATHS = "$(inherited) @executable_path/Frameworks";
				PRODUCT_BUNDLE_IDENTIFIER = br.com.academy.Challenge;
				PRODUCT_NAME = "$(TARGET_NAME)";
				SWIFT_VERSION = 4.0;
				TARGETED_DEVICE_FAMILY = "1,2";
			};
			name = Debug;
		};
		BE27895F20A1C026004E0E39 /* Release */ = {
			isa = XCBuildConfiguration;
			buildSettings = {
				ASSETCATALOG_COMPILER_APPICON_NAME = AppIcon;
				CODE_SIGN_STYLE = Automatic;
				DEVELOPMENT_TEAM = U9XP2P92X2;
				INFOPLIST_FILE = Challenge/Info.plist;
				LD_RUNPATH_SEARCH_PATHS = "$(inherited) @executable_path/Frameworks";
				PRODUCT_BUNDLE_IDENTIFIER = br.com.academy.Challenge;
				PRODUCT_NAME = "$(TARGET_NAME)";
				SWIFT_VERSION = 4.0;
				TARGETED_DEVICE_FAMILY = "1,2";
			};
			name = Release;
		};
/* End XCBuildConfiguration section */

/* Begin XCConfigurationList section */
		BE27894620A1C026004E0E39 /* Build configuration list for PBXProject "Challenge" */ = {
			isa = XCConfigurationList;
			buildConfigurations = (
				BE27895B20A1C026004E0E39 /* Debug */,
				BE27895C20A1C026004E0E39 /* Release */,
			);
			defaultConfigurationIsVisible = 0;
			defaultConfigurationName = Release;
		};
		BE27895D20A1C026004E0E39 /* Build configuration list for PBXNativeTarget "Challenge" */ = {
			isa = XCConfigurationList;
			buildConfigurations = (
				BE27895E20A1C026004E0E39 /* Debug */,
				BE27895F20A1C026004E0E39 /* Release */,
			);
			defaultConfigurationIsVisible = 0;
			defaultConfigurationName = Release;
		};
/* End XCConfigurationList section */
	};
	rootObject = BE27894320A1C026004E0E39 /* Project object */;
}
