// !$*UTF8*$!
{
	archiveVersion = 1;
	classes = {
	};
	objectVersion = 48;
	objects = {

/* Begin PBXBuildFile section */
		BEDE8AE12091F1A300897FFE /* AppDelegate.swift in Sources */ = {isa = PBXBuildFile; fileRef = BEDE8AE02091F1A300897FFE /* AppDelegate.swift */; };
		BEDE8AE62091F1A300897FFE /* Main.storyboard in Resources */ = {isa = PBXBuildFile; fileRef = BEDE8AE42091F1A300897FFE /* Main.storyboard */; };
		BEDE8AE82091F1A300897FFE /* Assets.xcassets in Resources */ = {isa = PBXBuildFile; fileRef = BEDE8AE72091F1A300897FFE /* Assets.xcassets */; };
		BEDE8AEB2091F1A300897FFE /* LaunchScreen.storyboard in Resources */ = {isa = PBXBuildFile; fileRef = BEDE8AE92091F1A300897FFE /* LaunchScreen.storyboard */; };
		BEDE8AF62091F1A300897FFE /* ContactsTableViewSolutionTests.swift in Sources */ = {isa = PBXBuildFile; fileRef = BEDE8AF52091F1A300897FFE /* ContactsTableViewSolutionTests.swift */; };
		BEDE8B012091F1A300897FFE /* ContactsTableViewSolutionUITests.swift in Sources */ = {isa = PBXBuildFile; fileRef = BEDE8B002091F1A300897FFE /* ContactsTableViewSolutionUITests.swift */; };
		BEDE8B0F2091F21300897FFE /* AddContactViewController.swift in Sources */ = {isa = PBXBuildFile; fileRef = BEDE8B0E2091F21300897FFE /* AddContactViewController.swift */; };
		BEDE8B142091F38400897FFE /* ContactTableViewCell.swift in Sources */ = {isa = PBXBuildFile; fileRef = BEDE8B122091F38400897FFE /* ContactTableViewCell.swift */; };
		BEDE8B152091F38400897FFE /* ContactTableViewCell.xib in Resources */ = {isa = PBXBuildFile; fileRef = BEDE8B132091F38400897FFE /* ContactTableViewCell.xib */; };
		BEDE8B1A2091F3C300897FFE /* Contact.swift in Sources */ = {isa = PBXBuildFile; fileRef = BEDE8B192091F3C300897FFE /* Contact.swift */; };
		BEDE8B1C209218CB00897FFE /* ContactsTableViewController.swift in Sources */ = {isa = PBXBuildFile; fileRef = BEDE8B1B209218CB00897FFE /* ContactsTableViewController.swift */; };
/* End PBXBuildFile section */

/* Begin PBXContainerItemProxy section */
		BEDE8AF22091F1A300897FFE /* PBXContainerItemProxy */ = {
			isa = PBXContainerItemProxy;
			containerPortal = BEDE8AD52091F1A300897FFE /* Project object */;
			proxyType = 1;
			remoteGlobalIDString = BEDE8ADC2091F1A300897FFE;
			remoteInfo = ContactsTableViewSolution;
		};
		BEDE8AFD2091F1A300897FFE /* PBXContainerItemProxy */ = {
			isa = PBXContainerItemProxy;
			containerPortal = BEDE8AD52091F1A300897FFE /* Project object */;
			proxyType = 1;
			remoteGlobalIDString = BEDE8ADC2091F1A300897FFE;
			remoteInfo = ContactsTableViewSolution;
		};
/* End PBXContainerItemProxy section */

/* Begin PBXFileReference section */
		BEDE8ADD2091F1A300897FFE /* ContactsTableViewSolution.app */ = {isa = PBXFileReference; explicitFileType = wrapper.application; includeInIndex = 0; path = ContactsTableViewSolution.app; sourceTree = BUILT_PRODUCTS_DIR; };
		BEDE8AE02091F1A300897FFE /* AppDelegate.swift */ = {isa = PBXFileReference; lastKnownFileType = sourcecode.swift; path = AppDelegate.swift; sourceTree = "<group>"; };
		BEDE8AE52091F1A300897FFE /* Base */ = {isa = PBXFileReference; lastKnownFileType = file.storyboard; name = Base; path = Base.lproj/Main.storyboard; sourceTree = "<group>"; };
		BEDE8AE72091F1A300897FFE /* Assets.xcassets */ = {isa = PBXFileReference; lastKnownFileType = folder.assetcatalog; path = Assets.xcassets; sourceTree = "<group>"; };
		BEDE8AEA2091F1A300897FFE /* Base */ = {isa = PBXFileReference; lastKnownFileType = file.storyboard; name = Base; path = Base.lproj/LaunchScreen.storyboard; sourceTree = "<group>"; };
		BEDE8AEC2091F1A300897FFE /* Info.plist */ = {isa = PBXFileReference; lastKnownFileType = text.plist.xml; path = Info.plist; sourceTree = "<group>"; };
		BEDE8AF12091F1A300897FFE /* ContactsTableViewSolutionTests.xctest */ = {isa = PBXFileReference; explicitFileType = wrapper.cfbundle; includeInIndex = 0; path = ContactsTableViewSolutionTests.xctest; sourceTree = BUILT_PRODUCTS_DIR; };
		BEDE8AF52091F1A300897FFE /* ContactsTableViewSolutionTests.swift */ = {isa = PBXFileReference; lastKnownFileType = sourcecode.swift; path = ContactsTableViewSolutionTests.swift; sourceTree = "<group>"; };
		BEDE8AF72091F1A300897FFE /* Info.plist */ = {isa = PBXFileReference; lastKnownFileType = text.plist.xml; path = Info.plist; sourceTree = "<group>"; };
		BEDE8AFC2091F1A300897FFE /* ContactsTableViewSolutionUITests.xctest */ = {isa = PBXFileReference; explicitFileType = wrapper.cfbundle; includeInIndex = 0; path = ContactsTableViewSolutionUITests.xctest; sourceTree = BUILT_PRODUCTS_DIR; };
		BEDE8B002091F1A300897FFE /* ContactsTableViewSolutionUITests.swift */ = {isa = PBXFileReference; lastKnownFileType = sourcecode.swift; path = ContactsTableViewSolutionUITests.swift; sourceTree = "<group>"; };
		BEDE8B022091F1A300897FFE /* Info.plist */ = {isa = PBXFileReference; lastKnownFileType = text.plist.xml; path = Info.plist; sourceTree = "<group>"; };
		BEDE8B0E2091F21300897FFE /* AddContactViewController.swift */ = {isa = PBXFileReference; lastKnownFileType = sourcecode.swift; path = AddContactViewController.swift; sourceTree = "<group>"; };
		BEDE8B122091F38400897FFE /* ContactTableViewCell.swift */ = {isa = PBXFileReference; lastKnownFileType = sourcecode.swift; path = ContactTableViewCell.swift; sourceTree = "<group>"; };
		BEDE8B132091F38400897FFE /* ContactTableViewCell.xib */ = {isa = PBXFileReference; lastKnownFileType = file.xib; path = ContactTableViewCell.xib; sourceTree = "<group>"; };
		BEDE8B192091F3C300897FFE /* Contact.swift */ = {isa = PBXFileReference; lastKnownFileType = sourcecode.swift; path = Contact.swift; sourceTree = "<group>"; };
		BEDE8B1B209218CB00897FFE /* ContactsTableViewController.swift */ = {isa = PBXFileReference; lastKnownFileType = sourcecode.swift; path = ContactsTableViewController.swift; sourceTree = "<group>"; };
/* End PBXFileReference section */

/* Begin PBXFrameworksBuildPhase section */
		BEDE8ADA2091F1A300897FFE /* Frameworks */ = {
			isa = PBXFrameworksBuildPhase;
			buildActionMask = 2147483647;
			files = (
			);
			runOnlyForDeploymentPostprocessing = 0;
		};
		BEDE8AEE2091F1A300897FFE /* Frameworks */ = {
			isa = PBXFrameworksBuildPhase;
			buildActionMask = 2147483647;
			files = (
			);
			runOnlyForDeploymentPostprocessing = 0;
		};
		BEDE8AF92091F1A300897FFE /* Frameworks */ = {
			isa = PBXFrameworksBuildPhase;
			buildActionMask = 2147483647;
			files = (
			);
			runOnlyForDeploymentPostprocessing = 0;
		};
/* End PBXFrameworksBuildPhase section */

/* Begin PBXGroup section */
		BEDE8AD42091F1A300897FFE = {
			isa = PBXGroup;
			children = (
				BEDE8ADF2091F1A300897FFE /* ContactsTableViewSolution */,
				BEDE8AF42091F1A300897FFE /* ContactsTableViewSolutionTests */,
				BEDE8AFF2091F1A300897FFE /* ContactsTableViewSolutionUITests */,
				BEDE8ADE2091F1A300897FFE /* Products */,
			);
			sourceTree = "<group>";
		};
		BEDE8ADE2091F1A300897FFE /* Products */ = {
			isa = PBXGroup;
			children = (
				BEDE8ADD2091F1A300897FFE /* ContactsTableViewSolution.app */,
				BEDE8AF12091F1A300897FFE /* ContactsTableViewSolutionTests.xctest */,
				BEDE8AFC2091F1A300897FFE /* ContactsTableViewSolutionUITests.xctest */,
			);
			name = Products;
			sourceTree = "<group>";
		};
		BEDE8ADF2091F1A300897FFE /* ContactsTableViewSolution */ = {
			isa = PBXGroup;
			children = (
				BEDE8B182091F3AC00897FFE /* Models */,
				BEDE8B172091F39B00897FFE /* ContactCell */,
				BEDE8B162091F38A00897FFE /* Controllers */,
				BEDE8AE02091F1A300897FFE /* AppDelegate.swift */,
				BEDE8AE42091F1A300897FFE /* Main.storyboard */,
				BEDE8AE72091F1A300897FFE /* Assets.xcassets */,
				BEDE8AE92091F1A300897FFE /* LaunchScreen.storyboard */,
				BEDE8AEC2091F1A300897FFE /* Info.plist */,
			);
			path = ContactsTableViewSolution;
			sourceTree = "<group>";
		};
		BEDE8AF42091F1A300897FFE /* ContactsTableViewSolutionTests */ = {
			isa = PBXGroup;
			children = (
				BEDE8AF52091F1A300897FFE /* ContactsTableViewSolutionTests.swift */,
				BEDE8AF72091F1A300897FFE /* Info.plist */,
			);
			path = ContactsTableViewSolutionTests;
			sourceTree = "<group>";
		};
		BEDE8AFF2091F1A300897FFE /* ContactsTableViewSolutionUITests */ = {
			isa = PBXGroup;
			children = (
				BEDE8B002091F1A300897FFE /* ContactsTableViewSolutionUITests.swift */,
				BEDE8B022091F1A300897FFE /* Info.plist */,
			);
			path = ContactsTableViewSolutionUITests;
			sourceTree = "<group>";
		};
		BEDE8B162091F38A00897FFE /* Controllers */ = {
			isa = PBXGroup;
			children = (
				BEDE8B0E2091F21300897FFE /* AddContactViewController.swift */,
				BEDE8B1B209218CB00897FFE /* ContactsTableViewController.swift */,
			);
			path = Controllers;
			sourceTree = "<group>";
		};
		BEDE8B172091F39B00897FFE /* ContactCell */ = {
			isa = PBXGroup;
			children = (
				BEDE8B122091F38400897FFE /* ContactTableViewCell.swift */,
				BEDE8B132091F38400897FFE /* ContactTableViewCell.xib */,
			);
			path = ContactCell;
			sourceTree = "<group>";
		};
		BEDE8B182091F3AC00897FFE /* Models */ = {
			isa = PBXGroup;
			children = (
				BEDE8B192091F3C300897FFE /* Contact.swift */,
			);
			path = Models;
			sourceTree = "<group>";
		};
/* End PBXGroup section */

/* Begin PBXNativeTarget section */
		BEDE8ADC2091F1A300897FFE /* ContactsTableViewSolution */ = {
			isa = PBXNativeTarget;
			buildConfigurationList = BEDE8B052091F1A300897FFE /* Build configuration list for PBXNativeTarget "ContactsTableViewSolution" */;
			buildPhases = (
				BEDE8AD92091F1A300897FFE /* Sources */,
				BEDE8ADA2091F1A300897FFE /* Frameworks */,
				BEDE8ADB2091F1A300897FFE /* Resources */,
			);
			buildRules = (
			);
			dependencies = (
			);
			name = ContactsTableViewSolution;
			productName = ContactsTableViewSolution;
			productReference = BEDE8ADD2091F1A300897FFE /* ContactsTableViewSolution.app */;
			productType = "com.apple.product-type.application";
		};
		BEDE8AF02091F1A300897FFE /* ContactsTableViewSolutionTests */ = {
			isa = PBXNativeTarget;
			buildConfigurationList = BEDE8B082091F1A300897FFE /* Build configuration list for PBXNativeTarget "ContactsTableViewSolutionTests" */;
			buildPhases = (
				BEDE8AED2091F1A300897FFE /* Sources */,
				BEDE8AEE2091F1A300897FFE /* Frameworks */,
				BEDE8AEF2091F1A300897FFE /* Resources */,
			);
			buildRules = (
			);
			dependencies = (
				BEDE8AF32091F1A300897FFE /* PBXTargetDependency */,
			);
			name = ContactsTableViewSolutionTests;
			productName = ContactsTableViewSolutionTests;
			productReference = BEDE8AF12091F1A300897FFE /* ContactsTableViewSolutionTests.xctest */;
			productType = "com.apple.product-type.bundle.unit-test";
		};
		BEDE8AFB2091F1A300897FFE /* ContactsTableViewSolutionUITests */ = {
			isa = PBXNativeTarget;
			buildConfigurationList = BEDE8B0B2091F1A300897FFE /* Build configuration list for PBXNativeTarget "ContactsTableViewSolutionUITests" */;
			buildPhases = (
				BEDE8AF82091F1A300897FFE /* Sources */,
				BEDE8AF92091F1A300897FFE /* Frameworks */,
				BEDE8AFA2091F1A300897FFE /* Resources */,
			);
			buildRules = (
			);
			dependencies = (
				BEDE8AFE2091F1A300897FFE /* PBXTargetDependency */,
			);
			name = ContactsTableViewSolutionUITests;
			productName = ContactsTableViewSolutionUITests;
			productReference = BEDE8AFC2091F1A300897FFE /* ContactsTableViewSolutionUITests.xctest */;
			productType = "com.apple.product-type.bundle.ui-testing";
		};
/* End PBXNativeTarget section */

/* Begin PBXProject section */
		BEDE8AD52091F1A300897FFE /* Project object */ = {
			isa = PBXProject;
			attributes = {
				LastSwiftUpdateCheck = 0920;
				LastUpgradeCheck = 0920;
				ORGANIZATIONNAME = "Academy 2018";
				TargetAttributes = {
					BEDE8ADC2091F1A300897FFE = {
						CreatedOnToolsVersion = 9.2;
						ProvisioningStyle = Automatic;
					};
					BEDE8AF02091F1A300897FFE = {
						CreatedOnToolsVersion = 9.2;
						ProvisioningStyle = Automatic;
						TestTargetID = BEDE8ADC2091F1A300897FFE;
					};
					BEDE8AFB2091F1A300897FFE = {
						CreatedOnToolsVersion = 9.2;
						ProvisioningStyle = Automatic;
						TestTargetID = BEDE8ADC2091F1A300897FFE;
					};
				};
			};
			buildConfigurationList = BEDE8AD82091F1A300897FFE /* Build configuration list for PBXProject "ContactsTableViewSolution" */;
			compatibilityVersion = "Xcode 8.0";
			developmentRegion = en;
			hasScannedForEncodings = 0;
			knownRegions = (
				en,
				Base,
			);
			mainGroup = BEDE8AD42091F1A300897FFE;
			productRefGroup = BEDE8ADE2091F1A300897FFE /* Products */;
			projectDirPath = "";
			projectRoot = "";
			targets = (
				BEDE8ADC2091F1A300897FFE /* ContactsTableViewSolution */,
				BEDE8AF02091F1A300897FFE /* ContactsTableViewSolutionTests */,
				BEDE8AFB2091F1A300897FFE /* ContactsTableViewSolutionUITests */,
			);
		};
/* End PBXProject section */

/* Begin PBXResourcesBuildPhase section */
		BEDE8ADB2091F1A300897FFE /* Resources */ = {
			isa = PBXResourcesBuildPhase;
			buildActionMask = 2147483647;
			files = (
				BEDE8B152091F38400897FFE /* ContactTableViewCell.xib in Resources */,
				BEDE8AEB2091F1A300897FFE /* LaunchScreen.storyboard in Resources */,
				BEDE8AE82091F1A300897FFE /* Assets.xcassets in Resources */,
				BEDE8AE62091F1A300897FFE /* Main.storyboard in Resources */,
			);
			runOnlyForDeploymentPostprocessing = 0;
		};
		BEDE8AEF2091F1A300897FFE /* Resources */ = {
			isa = PBXResourcesBuildPhase;
			buildActionMask = 2147483647;
			files = (
			);
			runOnlyForDeploymentPostprocessing = 0;
		};
		BEDE8AFA2091F1A300897FFE /* Resources */ = {
			isa = PBXResourcesBuildPhase;
			buildActionMask = 2147483647;
			files = (
			);
			runOnlyForDeploymentPostprocessing = 0;
		};
/* End PBXResourcesBuildPhase section */

/* Begin PBXSourcesBuildPhase section */
		BEDE8AD92091F1A300897FFE /* Sources */ = {
			isa = PBXSourcesBuildPhase;
			buildActionMask = 2147483647;
			files = (
				BEDE8B1A2091F3C300897FFE /* Contact.swift in Sources */,
				BEDE8B0F2091F21300897FFE /* AddContactViewController.swift in Sources */,
				BEDE8B1C209218CB00897FFE /* ContactsTableViewController.swift in Sources */,
				BEDE8B142091F38400897FFE /* ContactTableViewCell.swift in Sources */,
				BEDE8AE12091F1A300897FFE /* AppDelegate.swift in Sources */,
			);
			runOnlyForDeploymentPostprocessing = 0;
		};
		BEDE8AED2091F1A300897FFE /* Sources */ = {
			isa = PBXSourcesBuildPhase;
			buildActionMask = 2147483647;
			files = (
				BEDE8AF62091F1A300897FFE /* ContactsTableViewSolutionTests.swift in Sources */,
			);
			runOnlyForDeploymentPostprocessing = 0;
		};
		BEDE8AF82091F1A300897FFE /* Sources */ = {
			isa = PBXSourcesBuildPhase;
			buildActionMask = 2147483647;
			files = (
				BEDE8B012091F1A300897FFE /* ContactsTableViewSolutionUITests.swift in Sources */,
			);
			runOnlyForDeploymentPostprocessing = 0;
		};
/* End PBXSourcesBuildPhase section */

/* Begin PBXTargetDependency section */
		BEDE8AF32091F1A300897FFE /* PBXTargetDependency */ = {
			isa = PBXTargetDependency;
			target = BEDE8ADC2091F1A300897FFE /* ContactsTableViewSolution */;
			targetProxy = BEDE8AF22091F1A300897FFE /* PBXContainerItemProxy */;
		};
		BEDE8AFE2091F1A300897FFE /* PBXTargetDependency */ = {
			isa = PBXTargetDependency;
			target = BEDE8ADC2091F1A300897FFE /* ContactsTableViewSolution */;
			targetProxy = BEDE8AFD2091F1A300897FFE /* PBXContainerItemProxy */;
		};
/* End PBXTargetDependency section */

/* Begin PBXVariantGroup section */
		BEDE8AE42091F1A300897FFE /* Main.storyboard */ = {
			isa = PBXVariantGroup;
			children = (
				BEDE8AE52091F1A300897FFE /* Base */,
			);
			name = Main.storyboard;
			sourceTree = "<group>";
		};
		BEDE8AE92091F1A300897FFE /* LaunchScreen.storyboard */ = {
			isa = PBXVariantGroup;
			children = (
				BEDE8AEA2091F1A300897FFE /* Base */,
			);
			name = LaunchScreen.storyboard;
			sourceTree = "<group>";
		};
/* End PBXVariantGroup section */

/* Begin XCBuildConfiguration section */
		BEDE8B032091F1A300897FFE /* Debug */ = {
			isa = XCBuildConfiguration;
			buildSettings = {
				ALWAYS_SEARCH_USER_PATHS = NO;
				CLANG_ANALYZER_NONNULL = YES;
				CLANG_ANALYZER_NUMBER_OBJECT_CONVERSION = YES_AGGRESSIVE;
				CLANG_CXX_LANGUAGE_STANDARD = "gnu++14";
				CLANG_CXX_LIBRARY = "libc++";
				CLANG_ENABLE_MODULES = YES;
				CLANG_ENABLE_OBJC_ARC = YES;
				CLANG_WARN_BLOCK_CAPTURE_AUTORELEASING = YES;
				CLANG_WARN_BOOL_CONVERSION = YES;
				CLANG_WARN_COMMA = YES;
				CLANG_WARN_CONSTANT_CONVERSION = YES;
				CLANG_WARN_DIRECT_OBJC_ISA_USAGE = YES_ERROR;
				CLANG_WARN_DOCUMENTATION_COMMENTS = YES;
				CLANG_WARN_EMPTY_BODY = YES;
				CLANG_WARN_ENUM_CONVERSION = YES;
				CLANG_WARN_INFINITE_RECURSION = YES;
				CLANG_WARN_INT_CONVERSION = YES;
				CLANG_WARN_NON_LITERAL_NULL_CONVERSION = YES;
				CLANG_WARN_OBJC_LITERAL_CONVERSION = YES;
				CLANG_WARN_OBJC_ROOT_CLASS = YES_ERROR;
				CLANG_WARN_RANGE_LOOP_ANALYSIS = YES;
				CLANG_WARN_STRICT_PROTOTYPES = YES;
				CLANG_WARN_SUSPICIOUS_MOVE = YES;
				CLANG_WARN_UNGUARDED_AVAILABILITY = YES_AGGRESSIVE;
				CLANG_WARN_UNREACHABLE_CODE = YES;
				CLANG_WARN__DUPLICATE_METHOD_MATCH = YES;
				CODE_SIGN_IDENTITY = "iPhone Developer";
				COPY_PHASE_STRIP = NO;
				DEBUG_INFORMATION_FORMAT = dwarf;
				ENABLE_STRICT_OBJC_MSGSEND = YES;
				ENABLE_TESTABILITY = YES;
				GCC_C_LANGUAGE_STANDARD = gnu11;
				GCC_DYNAMIC_NO_PIC = NO;
				GCC_NO_COMMON_BLOCKS = YES;
				GCC_OPTIMIZATION_LEVEL = 0;
				GCC_PREPROCESSOR_DEFINITIONS = (
					"DEBUG=1",
					"$(inherited)",
				);
				GCC_WARN_64_TO_32_BIT_CONVERSION = YES;
				GCC_WARN_ABOUT_RETURN_TYPE = YES_ERROR;
				GCC_WARN_UNDECLARED_SELECTOR = YES;
				GCC_WARN_UNINITIALIZED_AUTOS = YES_AGGRESSIVE;
				GCC_WARN_UNUSED_FUNCTION = YES;
				GCC_WARN_UNUSED_VARIABLE = YES;
				IPHONEOS_DEPLOYMENT_TARGET = 11.2;
				MTL_ENABLE_DEBUG_INFO = YES;
				ONLY_ACTIVE_ARCH = YES;
				SDKROOT = iphoneos;
				SWIFT_ACTIVE_COMPILATION_CONDITIONS = DEBUG;
				SWIFT_OPTIMIZATION_LEVEL = "-Onone";
			};
			name = Debug;
		};
		BEDE8B042091F1A300897FFE /* Release */ = {
			isa = XCBuildConfiguration;
			buildSettings = {
				ALWAYS_SEARCH_USER_PATHS = NO;
				CLANG_ANALYZER_NONNULL = YES;
				CLANG_ANALYZER_NUMBER_OBJECT_CONVERSION = YES_AGGRESSIVE;
				CLANG_CXX_LANGUAGE_STANDARD = "gnu++14";
				CLANG_CXX_LIBRARY = "libc++";
				CLANG_ENABLE_MODULES = YES;
				CLANG_ENABLE_OBJC_ARC = YES;
				CLANG_WARN_BLOCK_CAPTURE_AUTORELEASING = YES;
				CLANG_WARN_BOOL_CONVERSION = YES;
				CLANG_WARN_COMMA = YES;
				CLANG_WARN_CONSTANT_CONVERSION = YES;
				CLANG_WARN_DIRECT_OBJC_ISA_USAGE = YES_ERROR;
				CLANG_WARN_DOCUMENTATION_COMMENTS = YES;
				CLANG_WARN_EMPTY_BODY = YES;
				CLANG_WARN_ENUM_CONVERSION = YES;
				CLANG_WARN_INFINITE_RECURSION = YES;
				CLANG_WARN_INT_CONVERSION = YES;
				CLANG_WARN_NON_LITERAL_NULL_CONVERSION = YES;
				CLANG_WARN_OBJC_LITERAL_CONVERSION = YES;
				CLANG_WARN_OBJC_ROOT_CLASS = YES_ERROR;
				CLANG_WARN_RANGE_LOOP_ANALYSIS = YES;
				CLANG_WARN_STRICT_PROTOTYPES = YES;
				CLANG_WARN_SUSPICIOUS_MOVE = YES;
				CLANG_WARN_UNGUARDED_AVAILABILITY = YES_AGGRESSIVE;
				CLANG_WARN_UNREACHABLE_CODE = YES;
				CLANG_WARN__DUPLICATE_METHOD_MATCH = YES;
				CODE_SIGN_IDENTITY = "iPhone Developer";
				COPY_PHASE_STRIP = NO;
				DEBUG_INFORMATION_FORMAT = "dwarf-with-dsym";
				ENABLE_NS_ASSERTIONS = NO;
				ENABLE_STRICT_OBJC_MSGSEND = YES;
				GCC_C_LANGUAGE_STANDARD = gnu11;
				GCC_NO_COMMON_BLOCKS = YES;
				GCC_WARN_64_TO_32_BIT_CONVERSION = YES;
				GCC_WARN_ABOUT_RETURN_TYPE = YES_ERROR;
				GCC_WARN_UNDECLARED_SELECTOR = YES;
				GCC_WARN_UNINITIALIZED_AUTOS = YES_AGGRESSIVE;
				GCC_WARN_UNUSED_FUNCTION = YES;
				GCC_WARN_UNUSED_VARIABLE = YES;
				IPHONEOS_DEPLOYMENT_TARGET = 11.2;
				MTL_ENABLE_DEBUG_INFO = NO;
				SDKROOT = iphoneos;
				SWIFT_OPTIMIZATION_LEVEL = "-Owholemodule";
				VALIDATE_PRODUCT = YES;
			};
			name = Release;
		};
		BEDE8B062091F1A300897FFE /* Debug */ = {
			isa = XCBuildConfiguration;
			buildSettings = {
				ASSETCATALOG_COMPILER_APPICON_NAME = AppIcon;
				CODE_SIGN_STYLE = Automatic;
				DEVELOPMENT_TEAM = U9XP2P92X2;
				INFOPLIST_FILE = ContactsTableViewSolution/Info.plist;
				LD_RUNPATH_SEARCH_PATHS = "$(inherited) @executable_path/Frameworks";
				PRODUCT_BUNDLE_IDENTIFIER = br.com.academy.ContactsTableViewSolution;
				PRODUCT_NAME = "$(TARGET_NAME)";
				SWIFT_VERSION = 4.0;
				TARGETED_DEVICE_FAMILY = "1,2";
			};
			name = Debug;
		};
		BEDE8B072091F1A300897FFE /* Release */ = {
			isa = XCBuildConfiguration;
			buildSettings = {
				ASSETCATALOG_COMPILER_APPICON_NAME = AppIcon;
				CODE_SIGN_STYLE = Automatic;
				DEVELOPMENT_TEAM = U9XP2P92X2;
				INFOPLIST_FILE = ContactsTableViewSolution/Info.plist;
				LD_RUNPATH_SEARCH_PATHS = "$(inherited) @executable_path/Frameworks";
				PRODUCT_BUNDLE_IDENTIFIER = br.com.academy.ContactsTableViewSolution;
				PRODUCT_NAME = "$(TARGET_NAME)";
				SWIFT_VERSION = 4.0;
				TARGETED_DEVICE_FAMILY = "1,2";
			};
			name = Release;
		};
		BEDE8B092091F1A300897FFE /* Debug */ = {
			isa = XCBuildConfiguration;
			buildSettings = {
				ALWAYS_EMBED_SWIFT_STANDARD_LIBRARIES = YES;
				BUNDLE_LOADER = "$(TEST_HOST)";
				CODE_SIGN_STYLE = Automatic;
				DEVELOPMENT_TEAM = U9XP2P92X2;
				INFOPLIST_FILE = ContactsTableViewSolutionTests/Info.plist;
				LD_RUNPATH_SEARCH_PATHS = "$(inherited) @executable_path/Frameworks @loader_path/Frameworks";
				PRODUCT_BUNDLE_IDENTIFIER = br.com.academy.ContactsTableViewSolutionTests;
				PRODUCT_NAME = "$(TARGET_NAME)";
				SWIFT_VERSION = 4.0;
				TARGETED_DEVICE_FAMILY = "1,2";
				TEST_HOST = "$(BUILT_PRODUCTS_DIR)/ContactsTableViewSolution.app/ContactsTableViewSolution";
			};
			name = Debug;
		};
		BEDE8B0A2091F1A300897FFE /* Release */ = {
			isa = XCBuildConfiguration;
			buildSettings = {
				ALWAYS_EMBED_SWIFT_STANDARD_LIBRARIES = YES;
				BUNDLE_LOADER = "$(TEST_HOST)";
				CODE_SIGN_STYLE = Automatic;
				DEVELOPMENT_TEAM = U9XP2P92X2;
				INFOPLIST_FILE = ContactsTableViewSolutionTests/Info.plist;
				LD_RUNPATH_SEARCH_PATHS = "$(inherited) @executable_path/Frameworks @loader_path/Frameworks";
				PRODUCT_BUNDLE_IDENTIFIER = br.com.academy.ContactsTableViewSolutionTests;
				PRODUCT_NAME = "$(TARGET_NAME)";
				SWIFT_VERSION = 4.0;
				TARGETED_DEVICE_FAMILY = "1,2";
				TEST_HOST = "$(BUILT_PRODUCTS_DIR)/ContactsTableViewSolution.app/ContactsTableViewSolution";
			};
			name = Release;
		};
		BEDE8B0C2091F1A300897FFE /* Debug */ = {
			isa = XCBuildConfiguration;
			buildSettings = {
				ALWAYS_EMBED_SWIFT_STANDARD_LIBRARIES = YES;
				CODE_SIGN_STYLE = Automatic;
				DEVELOPMENT_TEAM = U9XP2P92X2;
				INFOPLIST_FILE = ContactsTableViewSolutionUITests/Info.plist;
				LD_RUNPATH_SEARCH_PATHS = "$(inherited) @executable_path/Frameworks @loader_path/Frameworks";
				PRODUCT_BUNDLE_IDENTIFIER = br.com.academy.ContactsTableViewSolutionUITests;
				PRODUCT_NAME = "$(TARGET_NAME)";
				SWIFT_VERSION = 4.0;
				TARGETED_DEVICE_FAMILY = "1,2";
				TEST_TARGET_NAME = ContactsTableViewSolution;
			};
			name = Debug;
		};
		BEDE8B0D2091F1A300897FFE /* Release */ = {
			isa = XCBuildConfiguration;
			buildSettings = {
				ALWAYS_EMBED_SWIFT_STANDARD_LIBRARIES = YES;
				CODE_SIGN_STYLE = Automatic;
				DEVELOPMENT_TEAM = U9XP2P92X2;
				INFOPLIST_FILE = ContactsTableViewSolutionUITests/Info.plist;
				LD_RUNPATH_SEARCH_PATHS = "$(inherited) @executable_path/Frameworks @loader_path/Frameworks";
				PRODUCT_BUNDLE_IDENTIFIER = br.com.academy.ContactsTableViewSolutionUITests;
				PRODUCT_NAME = "$(TARGET_NAME)";
				SWIFT_VERSION = 4.0;
				TARGETED_DEVICE_FAMILY = "1,2";
				TEST_TARGET_NAME = ContactsTableViewSolution;
			};
			name = Release;
		};
/* End XCBuildConfiguration section */

/* Begin XCConfigurationList section */
		BEDE8AD82091F1A300897FFE /* Build configuration list for PBXProject "ContactsTableViewSolution" */ = {
			isa = XCConfigurationList;
			buildConfigurations = (
				BEDE8B032091F1A300897FFE /* Debug */,
				BEDE8B042091F1A300897FFE /* Release */,
			);
			defaultConfigurationIsVisible = 0;
			defaultConfigurationName = Release;
		};
		BEDE8B052091F1A300897FFE /* Build configuration list for PBXNativeTarget "ContactsTableViewSolution" */ = {
			isa = XCConfigurationList;
			buildConfigurations = (
				BEDE8B062091F1A300897FFE /* Debug */,
				BEDE8B072091F1A300897FFE /* Release */,
			);
			defaultConfigurationIsVisible = 0;
			defaultConfigurationName = Release;
		};
		BEDE8B082091F1A300897FFE /* Build configuration list for PBXNativeTarget "ContactsTableViewSolutionTests" */ = {
			isa = XCConfigurationList;
			buildConfigurations = (
				BEDE8B092091F1A300897FFE /* Debug */,
				BEDE8B0A2091F1A300897FFE /* Release */,
			);
			defaultConfigurationIsVisible = 0;
			defaultConfigurationName = Release;
		};
		BEDE8B0B2091F1A300897FFE /* Build configuration list for PBXNativeTarget "ContactsTableViewSolutionUITests" */ = {
			isa = XCConfigurationList;
			buildConfigurations = (
				BEDE8B0C2091F1A300897FFE /* Debug */,
				BEDE8B0D2091F1A300897FFE /* Release */,
			);
			defaultConfigurationIsVisible = 0;
			defaultConfigurationName = Release;
		};
/* End XCConfigurationList section */
	};
	rootObject = BEDE8AD52091F1A300897FFE /* Project object */;
}
